
Microsoft Visual Studio Solution File, Format Version 12.00
# Visual Studio Version 17
VisualStudioVersion = 17.8.34408.163
MinimumVisualStudioVersion = 10.0.40219.1
Project("{8BC9CEB8-8B4A-11D0-8D11-00A0C91BC942}") = "BulletHell", "BulletHell\BulletHell.vcxproj", "{1E38DBEC-63BF-446E-87D5-D97DB679E36C}"
EndProject
Global
	GlobalSection(SolutionConfigurationPlatforms) = preSolution
		Debug|x64 = Debug|x64
		Debug|x86 = Debug|x86
		Release|x64 = Release|x64
		Release|x86 = Release|x86
	EndGlobalSection
	GlobalSection(ProjectConfigurationPlatforms) = postSolution
		{1E38DBEC-63BF-446E-87D5-D97DB679E36C}.Debug|x64.ActiveCfg = Debug|x64
		{1E38DBEC-63BF-446E-87D5-D97DB679E36C}.Debug|x64.Build.0 = Debug|x64
		{1E38DBEC-63BF-446E-87D5-D97DB679E36C}.Debug|x86.ActiveCfg = Debug|Win32
		{1E38DBEC-63BF-446E-87D5-D97DB679E36C}.Debug|x86.Build.0 = Debug|Win32
		{1E38DBEC-63BF-446E-87D5-D97DB679E36C}.Release|x64.ActiveCfg = Release|x64
		{1E38DBEC-63BF-446E-87D5-D97DB679E36C}.Release|x64.Build.0 = Release|x64
		{1E38DBEC-63BF-446E-87D5-D97DB679E36C}.Release|x86.ActiveCfg = Release|Win32
		{1E38DBEC-63BF-446E-87D5-D97DB679E36C}.Release|x86.Build.0 = Release|Win32
	EndGlobalSection
	GlobalSection(SolutionProperties) = preSolution
		HideSolutionNode = FALSE
	EndGlobalSection
	GlobalSection(ExtensibilityGlobals) = postSolution
		SolutionGuid = {0E0213B4-43B4-40ED-AD0E-7D10F4F902E1}
	EndGlobalSection
EndGlobal
