<?xml version="1.0" encoding="utf-8"?>
<Project ToolsVersion="4.0" xmlns="http://schemas.microsoft.com/developer/msbuild/2003">
  <ItemGroup>
    <Filter Include="Source Files">
      <UniqueIdentifier>{4FC737F1-C7A5-4376-A066-2A32D752A2FF}</UniqueIdentifier>
      <Extensions>cpp;c;cc;cxx;c++;cppm;ixx;def;odl;idl;hpj;bat;asm;asmx</Extensions>
    </Filter>
    <Filter Include="Header Files">
      <UniqueIdentifier>{93995380-89BD-4b04-88EB-625FBE52EBFB}</UniqueIdentifier>
      <Extensions>h;hh;hpp;hxx;h++;hm;inl;inc;ipp;xsd</Extensions>
    </Filter>
    <Filter Include="Resource Files">
      <UniqueIdentifier>{67DA6AB6-F800-4c08-8B7A-83BB121AAD01}</UniqueIdentifier>
      <Extensions>rc;ico;cur;bmp;dlg;rc2;rct;bin;rgs;gif;jpg;jpeg;jpe;resx;tiff;tif;png;wav;mfcribbon-ms</Extensions>
    </Filter>
    <Filter Include="Resource Files\assets">
      <UniqueIdentifier>{df1868b4-619e-4913-bfad-99af940ccaa2}</UniqueIdentifier>
    </Filter>
    <Filter Include="Resource Files\assets\Ships">
      <UniqueIdentifier>{339b5570-135d-4eeb-9e82-35cf1c8db2ac}</UniqueIdentifier>
    </Filter>
    <Filter Include="Resource Files\assets\Tiles">
      <UniqueIdentifier>{4d5531af-11fb-46d9-b0f3-9afee86df314}</UniqueIdentifier>
    </Filter>
    <Filter Include="Resource Files\assets\Tilemap">
      <UniqueIdentifier>{aeb5b6af-9dc2-41e9-a744-d4a2d50ba1a2}</UniqueIdentifier>
    </Filter>
  </ItemGroup>
  <ItemGroup>
    <ClCompile Include="Game.cpp">
      <Filter>Source Files</Filter>
    </ClCompile>
    <ClCompile Include="Main.cpp">
      <Filter>Source Files</Filter>
    </ClCompile>
    <ClCompile Include="TextureManager.cpp">
      <Filter>Source Files</Filter>
    </ClCompile>
    <ClCompile Include="GameObject.cpp">
      <Filter>Source Files</Filter>
    </ClCompile>
    <ClCompile Include="Map.cpp">
      <Filter>Source Files</Filter>
    </ClCompile>
  </ItemGroup>
  <ItemGroup>
    <ClInclude Include="Game.h">
      <Filter>Header Files</Filter>
    </ClInclude>
    <ClInclude Include="TextureManager.h">
      <Filter>Header Files</Filter>
    </ClInclude>
    <ClInclude Include="GameObject.h">
      <Filter>Header Files</Filter>
    </ClInclude>
    <ClInclude Include="Map.h">
      <Filter>Header Files</Filter>
    </ClInclude>
    <ClInclude Include="ECS.h">
      <Filter>Header Files</Filter>
    </ClInclude>
    <ClInclude Include="Components.h">
      <Filter>Header Files</Filter>
    </ClInclude>
  </ItemGroup>
  <ItemGroup>
    <Image Include="assets\Ships\ship_0000.png">
      <Filter>Resource Files\assets\Ships</Filter>
    </Image>
    <Image Include="assets\Ships\ship_0001.png">
      <Filter>Resource Files\assets\Ships</Filter>
    </Image>
    <Image Include="assets\Ships\ship_0002.png">
      <Filter>Resource Files\assets\Ships</Filter>
    </Image>
    <Image Include="assets\Ships\ship_0003.png">
      <Filter>Resource Files\assets\Ships</Filter>
    </Image>
    <Image Include="assets\Ships\ship_0004.png">
      <Filter>Resource Files\assets\Ships</Filter>
    </Image>
    <Image Include="assets\Ships\ship_0005.png">
      <Filter>Resource Files\assets\Ships</Filter>
    </Image>
    <Image Include="assets\Ships\ship_0006.png">
      <Filter>Resource Files\assets\Ships</Filter>
    </Image>
    <Image Include="assets\Ships\ship_0007.png">
      <Filter>Resource Files\assets\Ships</Filter>
    </Image>
    <Image Include="assets\Ships\ship_0008.png">
      <Filter>Resource Files\assets\Ships</Filter>
    </Image>
    <Image Include="assets\Ships\ship_0009.png">
      <Filter>Resource Files\assets\Ships</Filter>
    </Image>
    <Image Include="assets\Ships\ship_0010.png">
      <Filter>Resource Files\assets\Ships</Filter>
    </Image>
    <Image Include="assets\Ships\ship_0011.png">
      <Filter>Resource Files\assets\Ships</Filter>
    </Image>
    <Image Include="assets\Ships\ship_0012.png">
      <Filter>Resource Files\assets\Ships</Filter>
    </Image>
    <Image Include="assets\Ships\ship_0013.png">
      <Filter>Resource Files\assets\Ships</Filter>
    </Image>
    <Image Include="assets\Ships\ship_0014.png">
      <Filter>Resource Files\assets\Ships</Filter>
    </Image>
    <Image Include="assets\Ships\ship_0015.png">
      <Filter>Resource Files\assets\Ships</Filter>
    </Image>
    <Image Include="assets\Ships\ship_0016.png">
      <Filter>Resource Files\assets\Ships</Filter>
    </Image>
    <Image Include="assets\Ships\ship_0017.png">
      <Filter>Resource Files\assets\Ships</Filter>
    </Image>
    <Image Include="assets\Ships\ship_0018.png">
      <Filter>Resource Files\assets\Ships</Filter>
    </Image>
    <Image Include="assets\Ships\ship_0019.png">
      <Filter>Resource Files\assets\Ships</Filter>
    </Image>
    <Image Include="assets\Ships\ship_0020.png">
      <Filter>Resource Files\assets\Ships</Filter>
    </Image>
    <Image Include="assets\Ships\ship_0021.png">
      <Filter>Resource Files\assets\Ships</Filter>
    </Image>
    <Image Include="assets\Ships\ship_0022.png">
      <Filter>Resource Files\assets\Ships</Filter>
    </Image>
    <Image Include="assets\Ships\ship_0023.png">
      <Filter>Resource Files\assets\Ships</Filter>
    </Image>
    <Image Include="assets\Tilemap\ships.png">
      <Filter>Resource Files\assets\Tilemap</Filter>
    </Image>
    <Image Include="assets\Tilemap\ships_packed.png">
      <Filter>Resource Files\assets\Tilemap</Filter>
    </Image>
    <Image Include="assets\Tilemap\tiles.png">
      <Filter>Resource Files\assets\Tilemap</Filter>
    </Image>
    <Image Include="assets\Tilemap\tiles_packed.png">
      <Filter>Resource Files\assets\Tilemap</Filter>
    </Image>
    <Image Include="assets\Tiles\tile_0000.png">
      <Filter>Resource Files\assets\Tiles</Filter>
    </Image>
    <Image Include="assets\Tiles\tile_0001.png">
      <Filter>Resource Files\assets\Tiles</Filter>
    </Image>
    <Image Include="assets\Tiles\tile_0002.png">
      <Filter>Resource Files\assets\Tiles</Filter>
    </Image>
    <Image Include="assets\Tiles\tile_0003.png">
      <Filter>Resource Files\assets\Tiles</Filter>
    </Image>
    <Image Include="assets\Tiles\tile_0004.png">
      <Filter>Resource Files\assets\Tiles</Filter>
    </Image>
    <Image Include="assets\Tiles\tile_0005.png">
      <Filter>Resource Files\assets\Tiles</Filter>
    </Image>
    <Image Include="assets\Tiles\tile_0006.png">
      <Filter>Resource Files\assets\Tiles</Filter>
    </Image>
    <Image Include="assets\Tiles\tile_0007.png">
      <Filter>Resource Files\assets\Tiles</Filter>
    </Image>
    <Image Include="assets\Tiles\tile_0008.png">
      <Filter>Resource Files\assets\Tiles</Filter>
    </Image>
    <Image Include="assets\Tiles\tile_0009.png">
      <Filter>Resource Files\assets\Tiles</Filter>
    </Image>
    <Image Include="assets\Tiles\tile_0010.png">
      <Filter>Resource Files\assets\Tiles</Filter>
    </Image>
    <Image Include="assets\Tiles\tile_0011.png">
      <Filter>Resource Files\assets\Tiles</Filter>
    </Image>
    <Image Include="assets\Tiles\tile_0012.png">
      <Filter>Resource Files\assets\Tiles</Filter>
    </Image>
    <Image Include="assets\Tiles\tile_0013.png">
      <Filter>Resource Files\assets\Tiles</Filter>
    </Image>
    <Image Include="assets\Tiles\tile_0014.png">
      <Filter>Resource Files\assets\Tiles</Filter>
    </Image>
    <Image Include="assets\Tiles\tile_0015.png">
      <Filter>Resource Files\assets\Tiles</Filter>
    </Image>
    <Image Include="assets\Tiles\tile_0016.png">
      <Filter>Resource Files\assets\Tiles</Filter>
    </Image>
    <Image Include="assets\Tiles\tile_0017.png">
      <Filter>Resource Files\assets\Tiles</Filter>
    </Image>
    <Image Include="assets\Tiles\tile_0018.png">
      <Filter>Resource Files\assets\Tiles</Filter>
    </Image>
    <Image Include="assets\Tiles\tile_0019.png">
      <Filter>Resource Files\assets\Tiles</Filter>
    </Image>
    <Image Include="assets\Tiles\tile_0020.png">
      <Filter>Resource Files\assets\Tiles</Filter>
    </Image>
    <Image Include="assets\Tiles\tile_0021.png">
      <Filter>Resource Files\assets\Tiles</Filter>
    </Image>
    <Image Include="assets\Tiles\tile_0022.png">
      <Filter>Resource Files\assets\Tiles</Filter>
    </Image>
    <Image Include="assets\Tiles\tile_0023.png">
      <Filter>Resource Files\assets\Tiles</Filter>
    </Image>
    <Image Include="assets\Tiles\tile_0024.png">
      <Filter>Resource Files\assets\Tiles</Filter>
    </Image>
    <Image Include="assets\Tiles\tile_0025.png">
      <Filter>Resource Files\assets\Tiles</Filter>
    </Image>
    <Image Include="assets\Tiles\tile_0026.png">
      <Filter>Resource Files\assets\Tiles</Filter>
    </Image>
    <Image Include="assets\Tiles\tile_0027.png">
      <Filter>Resource Files\assets\Tiles</Filter>
    </Image>
    <Image Include="assets\Tiles\tile_0028.png">
      <Filter>Resource Files\assets\Tiles</Filter>
    </Image>
    <Image Include="assets\Tiles\tile_0029.png">
      <Filter>Resource Files\assets\Tiles</Filter>
    </Image>
    <Image Include="assets\Tiles\tile_0030.png">
      <Filter>Resource Files\assets\Tiles</Filter>
    </Image>
    <Image Include="assets\Tiles\tile_0031.png">
      <Filter>Resource Files\assets\Tiles</Filter>
    </Image>
    <Image Include="assets\Tiles\tile_0032.png">
      <Filter>Resource Files\assets\Tiles</Filter>
    </Image>
    <Image Include="assets\Tiles\tile_0033.png">
      <Filter>Resource Files\assets\Tiles</Filter>
    </Image>
    <Image Include="assets\Tiles\tile_0034.png">
      <Filter>Resource Files\assets\Tiles</Filter>
    </Image>
    <Image Include="assets\Tiles\tile_0035.png">
      <Filter>Resource Files\assets\Tiles</Filter>
    </Image>
    <Image Include="assets\Tiles\tile_0036.png">
      <Filter>Resource Files\assets\Tiles</Filter>
    </Image>
    <Image Include="assets\Tiles\tile_0037.png">
      <Filter>Resource Files\assets\Tiles</Filter>
    </Image>
    <Image Include="assets\Tiles\tile_0038.png">
      <Filter>Resource Files\assets\Tiles</Filter>
    </Image>
    <Image Include="assets\Tiles\tile_0039.png">
      <Filter>Resource Files\assets\Tiles</Filter>
    </Image>
    <Image Include="assets\Tiles\tile_0040.png">
      <Filter>Resource Files\assets\Tiles</Filter>
    </Image>
    <Image Include="assets\Tiles\tile_0041.png">
      <Filter>Resource Files\assets\Tiles</Filter>
    </Image>
    <Image Include="assets\Tiles\tile_0042.png">
      <Filter>Resource Files\assets\Tiles</Filter>
    </Image>
    <Image Include="assets\Tiles\tile_0043.png">
      <Filter>Resource Files\assets\Tiles</Filter>
    </Image>
    <Image Include="assets\Tiles\tile_0044.png">
      <Filter>Resource Files\assets\Tiles</Filter>
    </Image>
    <Image Include="assets\Tiles\tile_0045.png">
      <Filter>Resource Files\assets\Tiles</Filter>
    </Image>
    <Image Include="assets\Tiles\tile_0046.png">
      <Filter>Resource Files\assets\Tiles</Filter>
    </Image>
    <Image Include="assets\Tiles\tile_0047.png">
      <Filter>Resource Files\assets\Tiles</Filter>
    </Image>
    <Image Include="assets\Tiles\tile_0048.png">
      <Filter>Resource Files\assets\Tiles</Filter>
    </Image>
    <Image Include="assets\Tiles\tile_0049.png">
      <Filter>Resource Files\assets\Tiles</Filter>
    </Image>
    <Image Include="assets\Tiles\tile_0050.png">
      <Filter>Resource Files\assets\Tiles</Filter>
    </Image>
    <Image Include="assets\Tiles\tile_0051.png">
      <Filter>Resource Files\assets\Tiles</Filter>
    </Image>
    <Image Include="assets\Tiles\tile_0052.png">
      <Filter>Resource Files\assets\Tiles</Filter>
    </Image>
    <Image Include="assets\Tiles\tile_0053.png">
      <Filter>Resource Files\assets\Tiles</Filter>
    </Image>
    <Image Include="assets\Tiles\tile_0054.png">
      <Filter>Resource Files\assets\Tiles</Filter>
    </Image>
    <Image Include="assets\Tiles\tile_0055.png">
      <Filter>Resource Files\assets\Tiles</Filter>
    </Image>
    <Image Include="assets\Tiles\tile_0056.png">
      <Filter>Resource Files\assets\Tiles</Filter>
    </Image>
    <Image Include="assets\Tiles\tile_0057.png">
      <Filter>Resource Files\assets\Tiles</Filter>
    </Image>
    <Image Include="assets\Tiles\tile_0058.png">
      <Filter>Resource Files\assets\Tiles</Filter>
    </Image>
    <Image Include="assets\Tiles\tile_0059.png">
      <Filter>Resource Files\assets\Tiles</Filter>
    </Image>
    <Image Include="assets\Tiles\tile_0060.png">
      <Filter>Resource Files\assets\Tiles</Filter>
    </Image>
    <Image Include="assets\Tiles\tile_0061.png">
      <Filter>Resource Files\assets\Tiles</Filter>
    </Image>
    <Image Include="assets\Tiles\tile_0062.png">
      <Filter>Resource Files\assets\Tiles</Filter>
    </Image>
    <Image Include="assets\Tiles\tile_0063.png">
      <Filter>Resource Files\assets\Tiles</Filter>
    </Image>
    <Image Include="assets\Tiles\tile_0064.png">
      <Filter>Resource Files\assets\Tiles</Filter>
    </Image>
    <Image Include="assets\Tiles\tile_0065.png">
      <Filter>Resource Files\assets\Tiles</Filter>
    </Image>
    <Image Include="assets\Tiles\tile_0066.png">
      <Filter>Resource Files\assets\Tiles</Filter>
    </Image>
    <Image Include="assets\Tiles\tile_0067.png">
      <Filter>Resource Files\assets\Tiles</Filter>
    </Image>
    <Image Include="assets\Tiles\tile_0068.png">
      <Filter>Resource Files\assets\Tiles</Filter>
    </Image>
    <Image Include="assets\Tiles\tile_0069.png">
      <Filter>Resource Files\assets\Tiles</Filter>
    </Image>
    <Image Include="assets\Tiles\tile_0070.png">
      <Filter>Resource Files\assets\Tiles</Filter>
    </Image>
    <Image Include="assets\Tiles\tile_0071.png">
      <Filter>Resource Files\assets\Tiles</Filter>
    </Image>
    <Image Include="assets\Tiles\tile_0072.png">
      <Filter>Resource Files\assets\Tiles</Filter>
    </Image>
    <Image Include="assets\Tiles\tile_0073.png">
      <Filter>Resource Files\assets\Tiles</Filter>
    </Image>
    <Image Include="assets\Tiles\tile_0074.png">
      <Filter>Resource Files\assets\Tiles</Filter>
    </Image>
    <Image Include="assets\Tiles\tile_0075.png">
      <Filter>Resource Files\assets\Tiles</Filter>
    </Image>
    <Image Include="assets\Tiles\tile_0076.png">
      <Filter>Resource Files\assets\Tiles</Filter>
    </Image>
    <Image Include="assets\Tiles\tile_0077.png">
      <Filter>Resource Files\assets\Tiles</Filter>
    </Image>
    <Image Include="assets\Tiles\tile_0078.png">
      <Filter>Resource Files\assets\Tiles</Filter>
    </Image>
    <Image Include="assets\Tiles\tile_0079.png">
      <Filter>Resource Files\assets\Tiles</Filter>
    </Image>
    <Image Include="assets\Tiles\tile_0080.png">
      <Filter>Resource Files\assets\Tiles</Filter>
    </Image>
    <Image Include="assets\Tiles\tile_0081.png">
      <Filter>Resource Files\assets\Tiles</Filter>
    </Image>
    <Image Include="assets\Tiles\tile_0082.png">
      <Filter>Resource Files\assets\Tiles</Filter>
    </Image>
    <Image Include="assets\Tiles\tile_0083.png">
      <Filter>Resource Files\assets\Tiles</Filter>
    </Image>
    <Image Include="assets\Tiles\tile_0084.png">
      <Filter>Resource Files\assets\Tiles</Filter>
    </Image>
    <Image Include="assets\Tiles\tile_0085.png">
      <Filter>Resource Files\assets\Tiles</Filter>
    </Image>
    <Image Include="assets\Tiles\tile_0086.png">
      <Filter>Resource Files\assets\Tiles</Filter>
    </Image>
    <Image Include="assets\Tiles\tile_0087.png">
      <Filter>Resource Files\assets\Tiles</Filter>
    </Image>
    <Image Include="assets\Tiles\tile_0088.png">
      <Filter>Resource Files\assets\Tiles</Filter>
    </Image>
    <Image Include="assets\Tiles\tile_0089.png">
      <Filter>Resource Files\assets\Tiles</Filter>
    </Image>
    <Image Include="assets\Tiles\tile_0090.png">
      <Filter>Resource Files\assets\Tiles</Filter>
    </Image>
    <Image Include="assets\Tiles\tile_0091.png">
      <Filter>Resource Files\assets\Tiles</Filter>
    </Image>
    <Image Include="assets\Tiles\tile_0092.png">
      <Filter>Resource Files\assets\Tiles</Filter>
    </Image>
    <Image Include="assets\Tiles\tile_0093.png">
      <Filter>Resource Files\assets\Tiles</Filter>
    </Image>
    <Image Include="assets\Tiles\tile_0094.png">
      <Filter>Resource Files\assets\Tiles</Filter>
    </Image>
    <Image Include="assets\Tiles\tile_0095.png">
      <Filter>Resource Files\assets\Tiles</Filter>
    </Image>
    <Image Include="assets\Tiles\tile_0096.png">
      <Filter>Resource Files\assets\Tiles</Filter>
    </Image>
    <Image Include="assets\Tiles\tile_0097.png">
      <Filter>Resource Files\assets\Tiles</Filter>
    </Image>
    <Image Include="assets\Tiles\tile_0098.png">
      <Filter>Resource Files\assets\Tiles</Filter>
    </Image>
    <Image Include="assets\Tiles\tile_0099.png">
      <Filter>Resource Files\assets\Tiles</Filter>
    </Image>
    <Image Include="assets\Tiles\tile_0100.png">
      <Filter>Resource Files\assets\Tiles</Filter>
    </Image>
    <Image Include="assets\Tiles\tile_0101.png">
      <Filter>Resource Files\assets\Tiles</Filter>
    </Image>
    <Image Include="assets\Tiles\tile_0102.png">
      <Filter>Resource Files\assets\Tiles</Filter>
    </Image>
    <Image Include="assets\Tiles\tile_0103.png">
      <Filter>Resource Files\assets\Tiles</Filter>
    </Image>
    <Image Include="assets\Tiles\tile_0104.png">
      <Filter>Resource Files\assets\Tiles</Filter>
    </Image>
    <Image Include="assets\Tiles\tile_0105.png">
      <Filter>Resource Files\assets\Tiles</Filter>
    </Image>
    <Image Include="assets\Tiles\tile_0106.png">
      <Filter>Resource Files\assets\Tiles</Filter>
    </Image>
    <Image Include="assets\Tiles\tile_0107.png">
      <Filter>Resource Files\assets\Tiles</Filter>
    </Image>
    <Image Include="assets\Tiles\tile_0108.png">
      <Filter>Resource Files\assets\Tiles</Filter>
    </Image>
    <Image Include="assets\Tiles\tile_0109.png">
      <Filter>Resource Files\assets\Tiles</Filter>
    </Image>
    <Image Include="assets\Tiles\tile_0110.png">
      <Filter>Resource Files\assets\Tiles</Filter>
    </Image>
    <Image Include="assets\Tiles\tile_0111.png">
      <Filter>Resource Files\assets\Tiles</Filter>
    </Image>
    <Image Include="assets\Tiles\tile_0112.png">
      <Filter>Resource Files\assets\Tiles</Filter>
    </Image>
    <Image Include="assets\Tiles\tile_0113.png">
      <Filter>Resource Files\assets\Tiles</Filter>
    </Image>
    <Image Include="assets\Tiles\tile_0114.png">
      <Filter>Resource Files\assets\Tiles</Filter>
    </Image>
    <Image Include="assets\Tiles\tile_0115.png">
      <Filter>Resource Files\assets\Tiles</Filter>
    </Image>
    <Image Include="assets\Tiles\tile_0116.png">
      <Filter>Resource Files\assets\Tiles</Filter>
    </Image>
    <Image Include="assets\Tiles\tile_0117.png">
      <Filter>Resource Files\assets\Tiles</Filter>
    </Image>
    <Image Include="assets\Tiles\tile_0118.png">
      <Filter>Resource Files\assets\Tiles</Filter>
    </Image>
    <Image Include="assets\Tiles\tile_0119.png">
      <Filter>Resource Files\assets\Tiles</Filter>
    </Image>
  </ItemGroup>
</Project>